
Microsoft Visual Studio Solution File, Format Version 12.00
# Visual Studio Version 17
VisualStudioVersion = 17.4.33213.308
MinimumVisualStudioVersion = 10.0.40219.1
Project("{9A19103F-16F7-4668-BE54-9A1E7A4F7556}") = "Projet_BDR", "Projet_BDR\Projet_BDR.csproj", "{965A7E79-78D4-48C4-BDBB-DA5D14703025}"
EndProject
Global
	GlobalSection(SolutionConfigurationPlatforms) = preSolution
		Debug|Any CPU = Debug|Any CPU
		Release|Any CPU = Release|Any CPU
	EndGlobalSection
	GlobalSection(ProjectConfigurationPlatforms) = postSolution
		{965A7E79-78D4-48C4-BDBB-DA5D14703025}.Debug|Any CPU.ActiveCfg = Debug|Any CPU
		{965A7E79-78D4-48C4-BDBB-DA5D14703025}.Debug|Any CPU.Build.0 = Debug|Any CPU
		{965A7E79-78D4-48C4-BDBB-DA5D14703025}.Release|Any CPU.ActiveCfg = Release|Any CPU
		{965A7E79-78D4-48C4-BDBB-DA5D14703025}.Release|Any CPU.Build.0 = Release|Any CPU
	EndGlobalSection
	GlobalSection(SolutionProperties) = preSolution
		HideSolutionNode = FALSE
	EndGlobalSection
	GlobalSection(ExtensibilityGlobals) = postSolution
		SolutionGuid = {4B389D2A-9E74-4F93-84FB-7A96CB82D0C8}
	EndGlobalSection
EndGlobal
